
Microsoft Visual Studio Solution File, Format Version 12.00
# Visual Studio Version 17
VisualStudioVersion = 17.7.34024.191
MinimumVisualStudioVersion = 10.0.40219.1
Project("{FAE04EC0-301F-11D3-BF4B-00C04F79EFBC}") = "QRSACH", "QRSACH.csproj", "{6CA77D77-2C22-448F-BFFF-B957CAA68F07}"
EndProject
Global
	GlobalSection(SolutionConfigurationPlatforms) = preSolution
		Debug|Any CPU = Debug|Any CPU
		Release|Any CPU = Release|Any CPU
	EndGlobalSection
	GlobalSection(ProjectConfigurationPlatforms) = postSolution
		{6CA77D77-2C22-448F-BFFF-B957CAA68F07}.Debug|Any CPU.ActiveCfg = Debug|Any CPU
		{6CA77D77-2C22-448F-BFFF-B957CAA68F07}.Debug|Any CPU.Build.0 = Debug|Any CPU
		{6CA77D77-2C22-448F-BFFF-B957CAA68F07}.Release|Any CPU.ActiveCfg = Release|Any CPU
		{6CA77D77-2C22-448F-BFFF-B957CAA68F07}.Release|Any CPU.Build.0 = Release|Any CPU
	EndGlobalSection
	GlobalSection(SolutionProperties) = preSolution
		HideSolutionNode = FALSE
	EndGlobalSection
	GlobalSection(ExtensibilityGlobals) = postSolution
		SolutionGuid = {FB0E8B66-2AA2-4782-8679-A235408615F4}
	EndGlobalSection
EndGlobal
